
Microsoft Visual Studio Solution File, Format Version 12.00
# Visual Studio Version 17
VisualStudioVersion = 17.4.33110.190
MinimumVisualStudioVersion = 10.0.40219.1
Project("{9A19103F-16F7-4668-BE54-9A1E7A4F7556}") = "MeasureDeviceProject", "measuring-device\MeasureDeviceProject.csproj", "{41E2AED4-9578-4152-B167-21A28E00A91A}"
EndProject
Project("{9A19103F-16F7-4668-BE54-9A1E7A4F7556}") = "MeasureDeviceServiceAPIProject", "measuring-device-service-api\MeasureDeviceServiceAPIProject.csproj", "{5C1A1F46-16D8-42AA-9B63-7F5B16FC0B51}"
EndProject
Project("{9A19103F-16F7-4668-BE54-9A1E7A4F7556}") = "MeasuringServer", "measuring-server\MeasuringServer.csproj", "{F8DB438C-CA61-404E-A62D-887CF2AEF580}"
EndProject
Project("{9A19103F-16F7-4668-BE54-9A1E7A4F7556}") = "MeasureFrontend", "measuring-frontend\MeasureFrontend.csproj", "{96535466-E089-41BB-9496-C1A858C600C9}"
EndProject
Project("{2150E333-8FDC-42A3-9474-1A3956D46DE8}") = "Solution Items", "Solution Items", "{E5785476-09DC-4908-A73E-1B360731371A}"
	ProjectSection(SolutionItems) = preProject
		postman\Measure device.postman_collection.json = postman\Measure device.postman_collection.json
	EndProjectSection
EndProject
Project("{9A19103F-16F7-4668-BE54-9A1E7A4F7556}") = "DataModel", "data-model\DataModel.csproj", "{637B870B-A3EC-4198-9C8B-3DA2EC4E0465}"
EndProject
Global
	GlobalSection(SolutionConfigurationPlatforms) = preSolution
		Debug|Any CPU = Debug|Any CPU
		Release|Any CPU = Release|Any CPU
	EndGlobalSection
	GlobalSection(ProjectConfigurationPlatforms) = postSolution
		{41E2AED4-9578-4152-B167-21A28E00A91A}.Debug|Any CPU.ActiveCfg = Debug|Any CPU
		{41E2AED4-9578-4152-B167-21A28E00A91A}.Debug|Any CPU.Build.0 = Debug|Any CPU
		{41E2AED4-9578-4152-B167-21A28E00A91A}.Release|Any CPU.ActiveCfg = Release|Any CPU
		{41E2AED4-9578-4152-B167-21A28E00A91A}.Release|Any CPU.Build.0 = Release|Any CPU
		{5C1A1F46-16D8-42AA-9B63-7F5B16FC0B51}.Debug|Any CPU.ActiveCfg = Debug|Any CPU
		{5C1A1F46-16D8-42AA-9B63-7F5B16FC0B51}.Debug|Any CPU.Build.0 = Debug|Any CPU
		{5C1A1F46-16D8-42AA-9B63-7F5B16FC0B51}.Release|Any CPU.ActiveCfg = Release|Any CPU
		{5C1A1F46-16D8-42AA-9B63-7F5B16FC0B51}.Release|Any CPU.Build.0 = Release|Any CPU
		{F8DB438C-CA61-404E-A62D-887CF2AEF580}.Debug|Any CPU.ActiveCfg = Debug|Any CPU
		{F8DB438C-CA61-404E-A62D-887CF2AEF580}.Debug|Any CPU.Build.0 = Debug|Any CPU
		{F8DB438C-CA61-404E-A62D-887CF2AEF580}.Release|Any CPU.ActiveCfg = Release|Any CPU
		{F8DB438C-CA61-404E-A62D-887CF2AEF580}.Release|Any CPU.Build.0 = Release|Any CPU
		{96535466-E089-41BB-9496-C1A858C600C9}.Debug|Any CPU.ActiveCfg = Debug|Any CPU
		{96535466-E089-41BB-9496-C1A858C600C9}.Debug|Any CPU.Build.0 = Debug|Any CPU
		{96535466-E089-41BB-9496-C1A858C600C9}.Release|Any CPU.ActiveCfg = Release|Any CPU
		{96535466-E089-41BB-9496-C1A858C600C9}.Release|Any CPU.Build.0 = Release|Any CPU
		{637B870B-A3EC-4198-9C8B-3DA2EC4E0465}.Debug|Any CPU.ActiveCfg = Debug|Any CPU
		{637B870B-A3EC-4198-9C8B-3DA2EC4E0465}.Debug|Any CPU.Build.0 = Debug|Any CPU
		{637B870B-A3EC-4198-9C8B-3DA2EC4E0465}.Release|Any CPU.ActiveCfg = Release|Any CPU
		{637B870B-A3EC-4198-9C8B-3DA2EC4E0465}.Release|Any CPU.Build.0 = Release|Any CPU
	EndGlobalSection
	GlobalSection(SolutionProperties) = preSolution
		HideSolutionNode = FALSE
	EndGlobalSection
	GlobalSection(ExtensibilityGlobals) = postSolution
		SolutionGuid = {2EB8182B-B96C-411B-B0CE-FB39125F8E10}
	EndGlobalSection
EndGlobal
